// !$*UTF8*$!
{
	archiveVersion = 1;
	classes = {
	};
	objectVersion = 50;
	objects = {

/* Begin PBXBuildFile section */
		00B22FBA2352F88700B7DF4D /* AppDelegate.swift in Sources */ = {isa = PBXBuildFile; fileRef = 00B22FB92352F88700B7DF4D /* AppDelegate.swift */; };
		00B22FBC2352F88700B7DF4D /* SceneDelegate.swift in Sources */ = {isa = PBXBuildFile; fileRef = 00B22FBB2352F88700B7DF4D /* SceneDelegate.swift */; };
		00B22FBE2352F88700B7DF4D /* ViewController.swift in Sources */ = {isa = PBXBuildFile; fileRef = 00B22FBD2352F88700B7DF4D /* ViewController.swift */; };
		00B22FC12352F88700B7DF4D /* Main.storyboard in Resources */ = {isa = PBXBuildFile; fileRef = 00B22FBF2352F88700B7DF4D /* Main.storyboard */; };
		00B22FC32352F88900B7DF4D /* Assets.xcassets in Resources */ = {isa = PBXBuildFile; fileRef = 00B22FC22352F88900B7DF4D /* Assets.xcassets */; };
		00B22FC62352F88900B7DF4D /* LaunchScreen.storyboard in Resources */ = {isa = PBXBuildFile; fileRef = 00B22FC42352F88900B7DF4D /* LaunchScreen.storyboard */; };
		00B22FD12352F88900B7DF4D /* StudyCodilityLessonsTests.swift in Sources */ = {isa = PBXBuildFile; fileRef = 00B22FD02352F88900B7DF4D /* StudyCodilityLessonsTests.swift */; };
/* End PBXBuildFile section */

/* Begin PBXContainerItemProxy section */
		00B22FCD2352F88900B7DF4D /* PBXContainerItemProxy */ = {
			isa = PBXContainerItemProxy;
			containerPortal = 00B22FAE2352F88700B7DF4D /* Project object */;
			proxyType = 1;
			remoteGlobalIDString = 00B22FB52352F88700B7DF4D;
			remoteInfo = StudyCodilityLessons;
		};
/* End PBXContainerItemProxy section */

/* Begin PBXFileReference section */
		00B22FB62352F88700B7DF4D /* StudyCodilityLessons.app */ = {isa = PBXFileReference; explicitFileType = wrapper.application; includeInIndex = 0; path = StudyCodilityLessons.app; sourceTree = BUILT_PRODUCTS_DIR; };
		00B22FB92352F88700B7DF4D /* AppDelegate.swift */ = {isa = PBXFileReference; lastKnownFileType = sourcecode.swift; path = AppDelegate.swift; sourceTree = "<group>"; };
		00B22FBB2352F88700B7DF4D /* SceneDelegate.swift */ = {isa = PBXFileReference; lastKnownFileType = sourcecode.swift; path = SceneDelegate.swift; sourceTree = "<group>"; };
		00B22FBD2352F88700B7DF4D /* ViewController.swift */ = {isa = PBXFileReference; lastKnownFileType = sourcecode.swift; path = ViewController.swift; sourceTree = "<group>"; };
		00B22FC02352F88700B7DF4D /* Base */ = {isa = PBXFileReference; lastKnownFileType = file.storyboard; name = Base; path = Base.lproj/Main.storyboard; sourceTree = "<group>"; };
		00B22FC22352F88900B7DF4D /* Assets.xcassets */ = {isa = PBXFileReference; lastKnownFileType = folder.assetcatalog; path = Assets.xcassets; sourceTree = "<group>"; };
		00B22FC52352F88900B7DF4D /* Base */ = {isa = PBXFileReference; lastKnownFileType = file.storyboard; name = Base; path = Base.lproj/LaunchScreen.storyboard; sourceTree = "<group>"; };
		00B22FC72352F88900B7DF4D /* Info.plist */ = {isa = PBXFileReference; lastKnownFileType = text.plist.xml; path = Info.plist; sourceTree = "<group>"; };
		00B22FCC2352F88900B7DF4D /* StudyCodilityLessonsTests.xctest */ = {isa = PBXFileReference; explicitFileType = wrapper.cfbundle; includeInIndex = 0; path = StudyCodilityLessonsTests.xctest; sourceTree = BUILT_PRODUCTS_DIR; };
		00B22FD02352F88900B7DF4D /* StudyCodilityLessonsTests.swift */ = {isa = PBXFileReference; lastKnownFileType = sourcecode.swift; path = StudyCodilityLessonsTests.swift; sourceTree = "<group>"; };
		00B22FD22352F88900B7DF4D /* Info.plist */ = {isa = PBXFileReference; lastKnownFileType = text.plist.xml; path = Info.plist; sourceTree = "<group>"; };
/* End PBXFileReference section */

/* Begin PBXFrameworksBuildPhase section */
		00B22FB32352F88700B7DF4D /* Frameworks */ = {
			isa = PBXFrameworksBuildPhase;
			buildActionMask = 2147483647;
			files = (
			);
			runOnlyForDeploymentPostprocessing = 0;
		};
		00B22FC92352F88900B7DF4D /* Frameworks */ = {
			isa = PBXFrameworksBuildPhase;
			buildActionMask = 2147483647;
			files = (
			);
			runOnlyForDeploymentPostprocessing = 0;
		};
/* End PBXFrameworksBuildPhase section */

/* Begin PBXGroup section */
		00B22FAD2352F88700B7DF4D = {
			isa = PBXGroup;
			children = (
				00B22FB82352F88700B7DF4D /* StudyCodilityLessons */,
				00B22FCF2352F88900B7DF4D /* StudyCodilityLessonsTests */,
				00B22FB72352F88700B7DF4D /* Products */,
			);
			sourceTree = "<group>";
		};
		00B22FB72352F88700B7DF4D /* Products */ = {
			isa = PBXGroup;
			children = (
				00B22FB62352F88700B7DF4D /* StudyCodilityLessons.app */,
				00B22FCC2352F88900B7DF4D /* StudyCodilityLessonsTests.xctest */,
			);
			name = Products;
			sourceTree = "<group>";
		};
		00B22FB82352F88700B7DF4D /* StudyCodilityLessons */ = {
			isa = PBXGroup;
			children = (
				00B22FB92352F88700B7DF4D /* AppDelegate.swift */,
				00B22FBB2352F88700B7DF4D /* SceneDelegate.swift */,
				00B22FBD2352F88700B7DF4D /* ViewController.swift */,
				00B22FBF2352F88700B7DF4D /* Main.storyboard */,
				00B22FC22352F88900B7DF4D /* Assets.xcassets */,
				00B22FC42352F88900B7DF4D /* LaunchScreen.storyboard */,
				00B22FC72352F88900B7DF4D /* Info.plist */,
			);
			path = StudyCodilityLessons;
			sourceTree = "<group>";
		};
		00B22FCF2352F88900B7DF4D /* StudyCodilityLessonsTests */ = {
			isa = PBXGroup;
			children = (
				00B22FD02352F88900B7DF4D /* StudyCodilityLessonsTests.swift */,
				00B22FD22352F88900B7DF4D /* Info.plist */,
			);
			path = StudyCodilityLessonsTests;
			sourceTree = "<group>";
		};
/* End PBXGroup section */

/* Begin PBXNativeTarget section */
		00B22FB52352F88700B7DF4D /* StudyCodilityLessons */ = {
			isa = PBXNativeTarget;
			buildConfigurationList = 00B22FD52352F88900B7DF4D /* Build configuration list for PBXNativeTarget "StudyCodilityLessons" */;
			buildPhases = (
				00B22FB22352F88700B7DF4D /* Sources */,
				00B22FB32352F88700B7DF4D /* Frameworks */,
				00B22FB42352F88700B7DF4D /* Resources */,
			);
			buildRules = (
			);
			dependencies = (
			);
			name = StudyCodilityLessons;
			productName = StudyCodilityLessons;
			productReference = 00B22FB62352F88700B7DF4D /* StudyCodilityLessons.app */;
			productType = "com.apple.product-type.application";
		};
		00B22FCB2352F88900B7DF4D /* StudyCodilityLessonsTests */ = {
			isa = PBXNativeTarget;
			buildConfigurationList = 00B22FD82352F88900B7DF4D /* Build configuration list for PBXNativeTarget "StudyCodilityLessonsTests" */;
			buildPhases = (
				00B22FC82352F88900B7DF4D /* Sources */,
				00B22FC92352F88900B7DF4D /* Frameworks */,
				00B22FCA2352F88900B7DF4D /* Resources */,
			);
			buildRules = (
			);
			dependencies = (
				00B22FCE2352F88900B7DF4D /* PBXTargetDependency */,
			);
			name = StudyCodilityLessonsTests;
			productName = StudyCodilityLessonsTests;
			productReference = 00B22FCC2352F88900B7DF4D /* StudyCodilityLessonsTests.xctest */;
			productType = "com.apple.product-type.bundle.unit-test";
		};
/* End PBXNativeTarget section */

/* Begin PBXProject section */
		00B22FAE2352F88700B7DF4D /* Project object */ = {
			isa = PBXProject;
			attributes = {
				LastSwiftUpdateCheck = 1110;
				LastUpgradeCheck = 1110;
				ORGANIZATIONNAME = Genmis.Inc;
				TargetAttributes = {
					00B22FB52352F88700B7DF4D = {
						CreatedOnToolsVersion = 11.1;
					};
					00B22FCB2352F88900B7DF4D = {
						CreatedOnToolsVersion = 11.1;
						TestTargetID = 00B22FB52352F88700B7DF4D;
					};
				};
			};
			buildConfigurationList = 00B22FB12352F88700B7DF4D /* Build configuration list for PBXProject "StudyCodilityLessons" */;
			compatibilityVersion = "Xcode 9.3";
			developmentRegion = en;
			hasScannedForEncodings = 0;
			knownRegions = (
				en,
				Base,
			);
			mainGroup = 00B22FAD2352F88700B7DF4D;
			productRefGroup = 00B22FB72352F88700B7DF4D /* Products */;
			projectDirPath = "";
			projectRoot = "";
			targets = (
				00B22FB52352F88700B7DF4D /* StudyCodilityLessons */,
				00B22FCB2352F88900B7DF4D /* StudyCodilityLessonsTests */,
			);
		};
/* End PBXProject section */

/* Begin PBXResourcesBuildPhase section */
		00B22FB42352F88700B7DF4D /* Resources */ = {
			isa = PBXResourcesBuildPhase;
			buildActionMask = 2147483647;
			files = (
				00B22FC62352F88900B7DF4D /* LaunchScreen.storyboard in Resources */,
				00B22FC32352F88900B7DF4D /* Assets.xcassets in Resources */,
				00B22FC12352F88700B7DF4D /* Main.storyboard in Resources */,
			);
			runOnlyForDeploymentPostprocessing = 0;
		};
		00B22FCA2352F88900B7DF4D /* Resources */ = {
			isa = PBXResourcesBuildPhase;
			buildActionMask = 2147483647;
			files = (
			);
			runOnlyForDeploymentPostprocessing = 0;
		};
/* End PBXResourcesBuildPhase section */

/* Begin PBXSourcesBuildPhase section */
		00B22FB22352F88700B7DF4D /* Sources */ = {
			isa = PBXSourcesBuildPhase;
			buildActionMask = 2147483647;
			files = (
				00B22FBE2352F88700B7DF4D /* ViewController.swift in Sources */,
				00B22FBA2352F88700B7DF4D /* AppDelegate.swift in Sources */,
				00B22FBC2352F88700B7DF4D /* SceneDelegate.swift in Sources */,
			);
			runOnlyForDeploymentPostprocessing = 0;
		};
		00B22FC82352F88900B7DF4D /* Sources */ = {
			isa = PBXSourcesBuildPhase;
			buildActionMask = 2147483647;
			files = (
				00B22FD12352F88900B7DF4D /* StudyCodilityLessonsTests.swift in Sources */,
			);
			runOnlyForDeploymentPostprocessing = 0;
		};
/* End PBXSourcesBuildPhase section */

/* Begin PBXTargetDependency section */
		00B22FCE2352F88900B7DF4D /* PBXTargetDependency */ = {
			isa = PBXTargetDependency;
			target = 00B22FB52352F88700B7DF4D /* StudyCodilityLessons */;
			targetProxy = 00B22FCD2352F88900B7DF4D /* PBXContainerItemProxy */;
		};
/* End PBXTargetDependency section */

/* Begin PBXVariantGroup section */
		00B22FBF2352F88700B7DF4D /* Main.storyboard */ = {
			isa = PBXVariantGroup;
			children = (
				00B22FC02352F88700B7DF4D /* Base */,
			);
			name = Main.storyboard;
			sourceTree = "<group>";
		};
		00B22FC42352F88900B7DF4D /* LaunchScreen.storyboard */ = {
			isa = PBXVariantGroup;
			children = (
				00B22FC52352F88900B7DF4D /* Base */,
			);
			name = LaunchScreen.storyboard;
			sourceTree = "<group>";
		};
/* End PBXVariantGroup section */

/* Begin XCBuildConfiguration section */
		00B22FD32352F88900B7DF4D /* Debug */ = {
			isa = XCBuildConfiguration;
			buildSettings = {
				ALWAYS_SEARCH_USER_PATHS = NO;
				CLANG_ANALYZER_NONNULL = YES;
				CLANG_ANALYZER_NUMBER_OBJECT_CONVERSION = YES_AGGRESSIVE;
				CLANG_CXX_LANGUAGE_STANDARD = "gnu++14";
				CLANG_CXX_LIBRARY = "libc++";
				CLANG_ENABLE_MODULES = YES;
				CLANG_ENABLE_OBJC_ARC = YES;
				CLANG_ENABLE_OBJC_WEAK = YES;
				CLANG_WARN_BLOCK_CAPTURE_AUTORELEASING = YES;
				CLANG_WARN_BOOL_CONVERSION = YES;
				CLANG_WARN_COMMA = YES;
				CLANG_WARN_CONSTANT_CONVERSION = YES;
				CLANG_WARN_DEPRECATED_OBJC_IMPLEMENTATIONS = YES;
				CLANG_WARN_DIRECT_OBJC_ISA_USAGE = YES_ERROR;
				CLANG_WARN_DOCUMENTATION_COMMENTS = YES;
				CLANG_WARN_EMPTY_BODY = YES;
				CLANG_WARN_ENUM_CONVERSION = YES;
				CLANG_WARN_INFINITE_RECURSION = YES;
				CLANG_WARN_INT_CONVERSION = YES;
				CLANG_WARN_NON_LITERAL_NULL_CONVERSION = YES;
				CLANG_WARN_OBJC_IMPLICIT_RETAIN_SELF = YES;
				CLANG_WARN_OBJC_LITERAL_CONVERSION = YES;
				CLANG_WARN_OBJC_ROOT_CLASS = YES_ERROR;
				CLANG_WARN_RANGE_LOOP_ANALYSIS = YES;
				CLANG_WARN_STRICT_PROTOTYPES = YES;
				CLANG_WARN_SUSPICIOUS_MOVE = YES;
				CLANG_WARN_UNGUARDED_AVAILABILITY = YES_AGGRESSIVE;
				CLANG_WARN_UNREACHABLE_CODE = YES;
				CLANG_WARN__DUPLICATE_METHOD_MATCH = YES;
				COPY_PHASE_STRIP = NO;
				DEBUG_INFORMATION_FORMAT = dwarf;
				ENABLE_STRICT_OBJC_MSGSEND = YES;
				ENABLE_TESTABILITY = YES;
				GCC_C_LANGUAGE_STANDARD = gnu11;
				GCC_DYNAMIC_NO_PIC = NO;
				GCC_NO_COMMON_BLOCKS = YES;
				GCC_OPTIMIZATION_LEVEL = 0;
				GCC_PREPROCESSOR_DEFINITIONS = (
					"DEBUG=1",
					"$(inherited)",
				);
				GCC_WARN_64_TO_32_BIT_CONVERSION = YES;
				GCC_WARN_ABOUT_RETURN_TYPE = YES_ERROR;
				GCC_WARN_UNDECLARED_SELECTOR = YES;
				GCC_WARN_UNINITIALIZED_AUTOS = YES_AGGRESSIVE;
				GCC_WARN_UNUSED_FUNCTION = YES;
				GCC_WARN_UNUSED_VARIABLE = YES;
				IPHONEOS_DEPLOYMENT_TARGET = 13.1;
				MTL_ENABLE_DEBUG_INFO = INCLUDE_SOURCE;
				MTL_FAST_MATH = YES;
				ONLY_ACTIVE_ARCH = YES;
				SDKROOT = iphoneos;
				SWIFT_ACTIVE_COMPILATION_CONDITIONS = DEBUG;
				SWIFT_OPTIMIZATION_LEVEL = "-Onone";
			};
			name = Debug;
		};
		00B22FD42352F88900B7DF4D /* Release */ = {
			isa = XCBuildConfiguration;
			buildSettings = {
				ALWAYS_SEARCH_USER_PATHS = NO;
				CLANG_ANALYZER_NONNULL = YES;
				CLANG_ANALYZER_NUMBER_OBJECT_CONVERSION = YES_AGGRESSIVE;
				CLANG_CXX_LANGUAGE_STANDARD = "gnu++14";
				CLANG_CXX_LIBRARY = "libc++";
				CLANG_ENABLE_MODULES = YES;
				CLANG_ENABLE_OBJC_ARC = YES;
				CLANG_ENABLE_OBJC_WEAK = YES;
				CLANG_WARN_BLOCK_CAPTURE_AUTORELEASING = YES;
				CLANG_WARN_BOOL_CONVERSION = YES;
				CLANG_WARN_COMMA = YES;
				CLANG_WARN_CONSTANT_CONVERSION = YES;
				CLANG_WARN_DEPRECATED_OBJC_IMPLEMENTATIONS = YES;
				CLANG_WARN_DIRECT_OBJC_ISA_USAGE = YES_ERROR;
				CLANG_WARN_DOCUMENTATION_COMMENTS = YES;
				CLANG_WARN_EMPTY_BODY = YES;
				CLANG_WARN_ENUM_CONVERSION = YES;
				CLANG_WARN_INFINITE_RECURSION = YES;
				CLANG_WARN_INT_CONVERSION = YES;
				CLANG_WARN_NON_LITERAL_NULL_CONVERSION = YES;
				CLANG_WARN_OBJC_IMPLICIT_RETAIN_SELF = YES;
				CLANG_WARN_OBJC_LITERAL_CONVERSION = YES;
				CLANG_WARN_OBJC_ROOT_CLASS = YES_ERROR;
				CLANG_WARN_RANGE_LOOP_ANALYSIS = YES;
				CLANG_WARN_STRICT_PROTOTYPES = YES;
				CLANG_WARN_SUSPICIOUS_MOVE = YES;
				CLANG_WARN_UNGUARDED_AVAILABILITY = YES_AGGRESSIVE;
				CLANG_WARN_UNREACHABLE_CODE = YES;
				CLANG_WARN__DUPLICATE_METHOD_MATCH = YES;
				COPY_PHASE_STRIP = NO;
				DEBUG_INFORMATION_FORMAT = "dwarf-with-dsym";
				ENABLE_NS_ASSERTIONS = NO;
				ENABLE_STRICT_OBJC_MSGSEND = YES;
				GCC_C_LANGUAGE_STANDARD = gnu11;
				GCC_NO_COMMON_BLOCKS = YES;
				GCC_WARN_64_TO_32_BIT_CONVERSION = YES;
				GCC_WARN_ABOUT_RETURN_TYPE = YES_ERROR;
				GCC_WARN_UNDECLARED_SELECTOR = YES;
				GCC_WARN_UNINITIALIZED_AUTOS = YES_AGGRESSIVE;
				GCC_WARN_UNUSED_FUNCTION = YES;
				GCC_WARN_UNUSED_VARIABLE = YES;
				IPHONEOS_DEPLOYMENT_TARGET = 13.1;
				MTL_ENABLE_DEBUG_INFO = NO;
				MTL_FAST_MATH = YES;
				SDKROOT = iphoneos;
				SWIFT_COMPILATION_MODE = wholemodule;
				SWIFT_OPTIMIZATION_LEVEL = "-O";
				VALIDATE_PRODUCT = YES;
			};
			name = Release;
		};
		00B22FD62352F88900B7DF4D /* Debug */ = {
			isa = XCBuildConfiguration;
			buildSettings = {
				ASSETCATALOG_COMPILER_APPICON_NAME = AppIcon;
				CODE_SIGN_STYLE = Automatic;
				DEVELOPMENT_TEAM = 58F85N59D3;
				INFOPLIST_FILE = StudyCodilityLessons/Info.plist;
				IPHONEOS_DEPLOYMENT_TARGET = 13.0;
				LD_RUNPATH_SEARCH_PATHS = (
					"$(inherited)",
					"@executable_path/Frameworks",
				);
				PRODUCT_BUNDLE_IDENTIFIER = work.zhouyuan.StudyCodilityLessons;
				PRODUCT_NAME = "$(TARGET_NAME)";
				SWIFT_VERSION = 5.0;
				TARGETED_DEVICE_FAMILY = 1;
			};
			name = Debug;
		};
		00B22FD72352F88900B7DF4D /* Release */ = {
			isa = XCBuildConfiguration;
			buildSettings = {
				ASSETCATALOG_COMPILER_APPICON_NAME = AppIcon;
				CODE_SIGN_STYLE = Automatic;
				DEVELOPMENT_TEAM = 58F85N59D3;
				INFOPLIST_FILE = StudyCodilityLessons/Info.plist;
				IPHONEOS_DEPLOYMENT_TARGET = 13.0;
				LD_RUNPATH_SEARCH_PATHS = (
					"$(inherited)",
					"@executable_path/Frameworks",
				);
				PRODUCT_BUNDLE_IDENTIFIER = work.zhouyuan.StudyCodilityLessons;
				PRODUCT_NAME = "$(TARGET_NAME)";
				SWIFT_VERSION = 5.0;
				TARGETED_DEVICE_FAMILY = 1;
			};
			name = Release;
		};
		00B22FD92352F88900B7DF4D /* Debug */ = {
			isa = XCBuildConfiguration;
			buildSettings = {
				ALWAYS_EMBED_SWIFT_STANDARD_LIBRARIES = YES;
				BUNDLE_LOADER = "$(TEST_HOST)";
				CODE_SIGN_STYLE = Automatic;
				DEVELOPMENT_TEAM = 58F85N59D3;
				INFOPLIST_FILE = StudyCodilityLessonsTests/Info.plist;
				IPHONEOS_DEPLOYMENT_TARGET = 13.1;
				LD_RUNPATH_SEARCH_PATHS = (
					"$(inherited)",
					"@executable_path/Frameworks",
					"@loader_path/Frameworks",
				);
				PRODUCT_BUNDLE_IDENTIFIER = work.zhouyuan.StudyCodilityLessonsTests;
				PRODUCT_NAME = "$(TARGET_NAME)";
				SWIFT_VERSION = 5.0;
				TARGETED_DEVICE_FAMILY = "1,2";
				TEST_HOST = "$(BUILT_PRODUCTS_DIR)/StudyCodilityLessons.app/StudyCodilityLessons";
			};
			name = Debug;
		};
		00B22FDA2352F88900B7DF4D /* Release */ = {
			isa = XCBuildConfiguration;
			buildSettings = {
				ALWAYS_EMBED_SWIFT_STANDARD_LIBRARIES = YES;
				BUNDLE_LOADER = "$(TEST_HOST)";
				CODE_SIGN_STYLE = Automatic;
				DEVELOPMENT_TEAM = 58F85N59D3;
				INFOPLIST_FILE = StudyCodilityLessonsTests/Info.plist;
				IPHONEOS_DEPLOYMENT_TARGET = 13.1;
				LD_RUNPATH_SEARCH_PATHS = (
					"$(inherited)",
					"@executable_path/Frameworks",
					"@loader_path/Frameworks",
				);
				PRODUCT_BUNDLE_IDENTIFIER = work.zhouyuan.StudyCodilityLessonsTests;
				PRODUCT_NAME = "$(TARGET_NAME)";
				SWIFT_VERSION = 5.0;
				TARGETED_DEVICE_FAMILY = "1,2";
				TEST_HOST = "$(BUILT_PRODUCTS_DIR)/StudyCodilityLessons.app/StudyCodilityLessons";
			};
			name = Release;
		};
/* End XCBuildConfiguration section */

/* Begin XCConfigurationList section */
		00B22FB12352F88700B7DF4D /* Build configuration list for PBXProject "StudyCodilityLessons" */ = {
			isa = XCConfigurationList;
			buildConfigurations = (
				00B22FD32352F88900B7DF4D /* Debug */,
				00B22FD42352F88900B7DF4D /* Release */,
			);
			defaultConfigurationIsVisible = 0;
			defaultConfigurationName = Release;
		};
		00B22FD52352F88900B7DF4D /* Build configuration list for PBXNativeTarget "StudyCodilityLessons" */ = {
			isa = XCConfigurationList;
			buildConfigurations = (
				00B22FD62352F88900B7DF4D /* Debug */,
				00B22FD72352F88900B7DF4D /* Release */,
			);
			defaultConfigurationIsVisible = 0;
			defaultConfigurationName = Release;
		};
		00B22FD82352F88900B7DF4D /* Build configuration list for PBXNativeTarget "StudyCodilityLessonsTests" */ = {
			isa = XCConfigurationList;
			buildConfigurations = (
				00B22FD92352F88900B7DF4D /* Debug */,
				00B22FDA2352F88900B7DF4D /* Release */,
			);
			defaultConfigurationIsVisible = 0;
			defaultConfigurationName = Release;
		};
/* End XCConfigurationList section */
	};
	rootObject = 00B22FAE2352F88700B7DF4D /* Project object */;
}
